
Microsoft Visual Studio Solution File, Format Version 12.00
# Visual Studio 2012
Project("{FAE04EC0-301F-11D3-BF4B-00C04F79EFBC}") = "USACBOSA", "USACBOSA\USACBOSA.csproj", "{12A9E1EB-0461-4A93-B027-7668BA2944CE}"
EndProject
Global
	GlobalSection(SolutionConfigurationPlatforms) = preSolution
		Debug|Any CPU = Debug|Any CPU
		Release|Any CPU = Release|Any CPU
	EndGlobalSection
	GlobalSection(ProjectConfigurationPlatforms) = postSolution
		{12A9E1EB-0461-4A93-B027-7668BA2944CE}.Debug|Any CPU.ActiveCfg = Debug|Any CPU
		{12A9E1EB-0461-4A93-B027-7668BA2944CE}.Debug|Any CPU.Build.0 = Debug|Any CPU
		{12A9E1EB-0461-4A93-B027-7668BA2944CE}.Release|Any CPU.ActiveCfg = Release|Any CPU
		{12A9E1EB-0461-4A93-B027-7668BA2944CE}.Release|Any CPU.Build.0 = Release|Any CPU
	EndGlobalSection
	GlobalSection(SolutionProperties) = preSolution
		HideSolutionNode = FALSE
	EndGlobalSection
EndGlobal
